
Microsoft Visual Studio Solution File, Format Version 12.00
# Visual Studio Version 17
VisualStudioVersion = 17.1.32414.318
MinimumVisualStudioVersion = 10.0.40219.1
Project("{9A19103F-16F7-4668-BE54-9A1E7A4F7556}") = "Domain", "Domain\Domain.csproj", "{F3263CFE-E30D-4793-ABCF-5F19182643F3}"
EndProject
Project("{9A19103F-16F7-4668-BE54-9A1E7A4F7556}") = "DevelopmentTests", "DevelopmentTests\DevelopmentTests.csproj", "{880E48E4-8600-4A8A-9A04-A4210D789AC7}"
EndProject
Project("{9A19103F-16F7-4668-BE54-9A1E7A4F7556}") = "UIWeb", "UIWeb\UIWeb.csproj", "{33EA1AF8-42A6-4E1B-9B17-E74F51EA744C}"
EndProject
Project("{9A19103F-16F7-4668-BE54-9A1E7A4F7556}") = "Infrastructure", "Infrastructure\Infrastructure.csproj", "{073035D6-ED2D-4F9F-96FF-68C0C240CC59}"
EndProject
Project("{2150E333-8FDC-42A3-9474-1A3956D46DE8}") = "Solution Items", "Solution Items", "{A09F7137-A58C-4A61-AA8F-0D63A2F25F2F}"
	ProjectSection(SolutionItems) = preProject
		INSTRUCTIONS.md = INSTRUCTIONS.md
	EndProjectSection
EndProject
Global
	GlobalSection(SolutionConfigurationPlatforms) = preSolution
		Debug|Any CPU = Debug|Any CPU
		Release|Any CPU = Release|Any CPU
	EndGlobalSection
	GlobalSection(ProjectConfigurationPlatforms) = postSolution
		{F3263CFE-E30D-4793-ABCF-5F19182643F3}.Debug|Any CPU.ActiveCfg = Debug|Any CPU
		{F3263CFE-E30D-4793-ABCF-5F19182643F3}.Debug|Any CPU.Build.0 = Debug|Any CPU
		{F3263CFE-E30D-4793-ABCF-5F19182643F3}.Release|Any CPU.ActiveCfg = Release|Any CPU
		{F3263CFE-E30D-4793-ABCF-5F19182643F3}.Release|Any CPU.Build.0 = Release|Any CPU
		{880E48E4-8600-4A8A-9A04-A4210D789AC7}.Debug|Any CPU.ActiveCfg = Debug|Any CPU
		{880E48E4-8600-4A8A-9A04-A4210D789AC7}.Debug|Any CPU.Build.0 = Debug|Any CPU
		{880E48E4-8600-4A8A-9A04-A4210D789AC7}.Release|Any CPU.ActiveCfg = Release|Any CPU
		{880E48E4-8600-4A8A-9A04-A4210D789AC7}.Release|Any CPU.Build.0 = Release|Any CPU
		{33EA1AF8-42A6-4E1B-9B17-E74F51EA744C}.Debug|Any CPU.ActiveCfg = Debug|Any CPU
		{33EA1AF8-42A6-4E1B-9B17-E74F51EA744C}.Debug|Any CPU.Build.0 = Debug|Any CPU
		{33EA1AF8-42A6-4E1B-9B17-E74F51EA744C}.Release|Any CPU.ActiveCfg = Release|Any CPU
		{33EA1AF8-42A6-4E1B-9B17-E74F51EA744C}.Release|Any CPU.Build.0 = Release|Any CPU
		{073035D6-ED2D-4F9F-96FF-68C0C240CC59}.Debug|Any CPU.ActiveCfg = Debug|Any CPU
		{073035D6-ED2D-4F9F-96FF-68C0C240CC59}.Debug|Any CPU.Build.0 = Debug|Any CPU
		{073035D6-ED2D-4F9F-96FF-68C0C240CC59}.Release|Any CPU.ActiveCfg = Release|Any CPU
		{073035D6-ED2D-4F9F-96FF-68C0C240CC59}.Release|Any CPU.Build.0 = Release|Any CPU
	EndGlobalSection
	GlobalSection(SolutionProperties) = preSolution
		HideSolutionNode = FALSE
	EndGlobalSection
	GlobalSection(ExtensibilityGlobals) = postSolution
		SolutionGuid = {DB7A2A94-AF38-4261-9DF3-DD1782871C1D}
	EndGlobalSection
EndGlobal
